
Microsoft Visual Studio Solution File, Format Version 12.00
# Visual Studio Version 16
VisualStudioVersion = 16.0.31112.23
MinimumVisualStudioVersion = 10.0.40219.1
Project("{FAE04EC0-301F-11D3-BF4B-00C04F79EFBC}") = "SPNZ", "SPNZ.csproj", "{6D37C2DD-1ECD-4F43-9B97-C0CC25A581F7}"
EndProject
Global
	GlobalSection(SolutionConfigurationPlatforms) = preSolution
		Debug|Any CPU = Debug|Any CPU
		Release|Any CPU = Release|Any CPU
	EndGlobalSection
	GlobalSection(ProjectConfigurationPlatforms) = postSolution
		{6D37C2DD-1ECD-4F43-9B97-C0CC25A581F7}.Debug|Any CPU.ActiveCfg = Debug|Any CPU
		{6D37C2DD-1ECD-4F43-9B97-C0CC25A581F7}.Debug|Any CPU.Build.0 = Debug|Any CPU
		{6D37C2DD-1ECD-4F43-9B97-C0CC25A581F7}.Release|Any CPU.ActiveCfg = Release|Any CPU
		{6D37C2DD-1ECD-4F43-9B97-C0CC25A581F7}.Release|Any CPU.Build.0 = Release|Any CPU
	EndGlobalSection
	GlobalSection(SolutionProperties) = preSolution
		HideSolutionNode = FALSE
	EndGlobalSection
	GlobalSection(ExtensibilityGlobals) = postSolution
		SolutionGuid = {637FB1CA-945E-41AE-BCE6-FBEFFEB5352F}
	EndGlobalSection
EndGlobal
